
Microsoft Visual Studio Solution File, Format Version 12.00
# Visual Studio 2013
VisualStudioVersion = 12.0.30501.0
MinimumVisualStudioVersion = 10.0.40219.1
Project("{FAE04EC0-301F-11D3-BF4B-00C04F79EFBC}") = "ScalarWaveSimulation", "ScalarWaveSimulation\ScalarWaveSimulation.csproj", "{234AE45F-175D-4CDB-B7D0-36BEBA67458F}"
EndProject
Project("{FAE04EC0-301F-11D3-BF4B-00C04F79EFBC}") = "ScalarWaveSimulation.UI", "ScalarWaveSimulation.UI\ScalarWaveSimulation.UI.csproj", "{55241176-E791-4BC2-8B36-CF3E88C968D3}"
EndProject
Project("{FAE04EC0-301F-11D3-BF4B-00C04F79EFBC}") = "ScalarWaveSimulation.Comparison", "ScalarWaveSimulation.Comparison\ScalarWaveSimulation.Comparison.csproj", "{9BBF9BD6-88A2-409E-AE3B-10F2EF02F06B}"
EndProject
Global
	GlobalSection(SolutionConfigurationPlatforms) = preSolution
		Debug|Any CPU = Debug|Any CPU
		Release|Any CPU = Release|Any CPU
	EndGlobalSection
	GlobalSection(ProjectConfigurationPlatforms) = postSolution
		{234AE45F-175D-4CDB-B7D0-36BEBA67458F}.Debug|Any CPU.ActiveCfg = Debug|Any CPU
		{234AE45F-175D-4CDB-B7D0-36BEBA67458F}.Debug|Any CPU.Build.0 = Debug|Any CPU
		{234AE45F-175D-4CDB-B7D0-36BEBA67458F}.Release|Any CPU.ActiveCfg = Release|Any CPU
		{234AE45F-175D-4CDB-B7D0-36BEBA67458F}.Release|Any CPU.Build.0 = Release|Any CPU
		{55241176-E791-4BC2-8B36-CF3E88C968D3}.Debug|Any CPU.ActiveCfg = Debug|Any CPU
		{55241176-E791-4BC2-8B36-CF3E88C968D3}.Debug|Any CPU.Build.0 = Debug|Any CPU
		{55241176-E791-4BC2-8B36-CF3E88C968D3}.Release|Any CPU.ActiveCfg = Release|Any CPU
		{55241176-E791-4BC2-8B36-CF3E88C968D3}.Release|Any CPU.Build.0 = Release|Any CPU
		{9BBF9BD6-88A2-409E-AE3B-10F2EF02F06B}.Debug|Any CPU.ActiveCfg = Debug|Any CPU
		{9BBF9BD6-88A2-409E-AE3B-10F2EF02F06B}.Debug|Any CPU.Build.0 = Debug|Any CPU
		{9BBF9BD6-88A2-409E-AE3B-10F2EF02F06B}.Release|Any CPU.ActiveCfg = Release|Any CPU
		{9BBF9BD6-88A2-409E-AE3B-10F2EF02F06B}.Release|Any CPU.Build.0 = Release|Any CPU
	EndGlobalSection
	GlobalSection(SolutionProperties) = preSolution
		HideSolutionNode = FALSE
	EndGlobalSection
EndGlobal
